{
  "name": "cyberful-os",
  "version": "0.1.0",
  "lockfileVersion": 3,
  "requires": true,
  "packages": {
    "": {
      "name": "cyberful-os",
      "version": "0.1.0",
      "license": "AGPL-3.0-only",
      "dependencies": {
        "agent-browser": "https://github.com/cyberful/agent-browser/releases/download/v0.34.0-cyberful.3/agent-browser-0.34.0-cyberful.3.tgz"
      },
      "bin": {
        "agent-browser-plugin-captcha": "browser/bin/agent-browser-plugin-captcha",
        "cyber-browser": "browser/bin/cyber-browser",
        "cyberful-os": "cyberful-os/bin/cyberful-os",
        "cyberful-os-build": "cyberful-os/bin/cyberful-os-build",
        "cyberful-os-container": "cyberful-os/bin/cyberful-os-container"
      }
    },
    "node_modules/agent-browser": {
      "version": "0.34.0-cyberful.3",
      "resolved": "https://github.com/cyberful/agent-browser/releases/download/v0.34.0-cyberful.3/agent-browser-0.34.0-cyberful.3.tgz",
      "integrity": "sha512-foFo+9l0CM/RnvfUyMVNrvBe+0cMvY7dDWbSfaBKnvG24x0AvZ/uIOmSxdCyyZDDdBAPne1LGis/eSm8lZD+nw==",
      "hasInstallScript": true,
      "license": "Apache-2.0",
      "bin": {
        "agent-browser": "bin/agent-browser.js"
      },
      "engines": {
        "node": ">=24.0.0",
        "pnpm": ">=11.0.0"
      }
    }
  }
}
